version: 2.0
shards:
  ameba:
    git: https://github.com/crystal-ameba/ameba.git
    version: 1.6.4

  qr-code:
    git: https://github.com/spider-gazelle/qr-code.git
    version: 1.0.3

  shamir:
    git: https://github.com/seanyeh/shamir.cr.git
    version: 0.1.0+git.commit.a258415f9ee6756a168c1e6e7e660cfd4e62ef91

  stumpy_core:
    git: https://github.com/stumpycr/stumpy_core.git
    version: 1.9.1

  stumpy_png:
    git: https://github.com/stumpycr/stumpy_png.git
    version: 5.0.1

